
Microsoft Visual Studio Solution File, Format Version 12.00
# Visual Studio 15
VisualStudioVersion = 15.0.26730.16
MinimumVisualStudioVersion = 10.0.40219.1
Project("{FAE04EC0-301F-11D3-BF4B-00C04F79EFBC}") = "02.Hello-Name", "02.Hello-Name\02.Hello-Name.csproj", "{5936E0C6-5A6D-4F80-807D-391D6E215843}"
EndProject
Global
	GlobalSection(SolutionConfigurationPlatforms) = preSolution
		Debug|Any CPU = Debug|Any CPU
		Release|Any CPU = Release|Any CPU
	EndGlobalSection
	GlobalSection(ProjectConfigurationPlatforms) = postSolution
		{5936E0C6-5A6D-4F80-807D-391D6E215843}.Debug|Any CPU.ActiveCfg = Debug|Any CPU
		{5936E0C6-5A6D-4F80-807D-391D6E215843}.Debug|Any CPU.Build.0 = Debug|Any CPU
		{5936E0C6-5A6D-4F80-807D-391D6E215843}.Release|Any CPU.ActiveCfg = Release|Any CPU
		{5936E0C6-5A6D-4F80-807D-391D6E215843}.Release|Any CPU.Build.0 = Release|Any CPU
	EndGlobalSection
	GlobalSection(SolutionProperties) = preSolution
		HideSolutionNode = FALSE
	EndGlobalSection
	GlobalSection(ExtensibilityGlobals) = postSolution
		SolutionGuid = {37D2D7F5-9D1D-4020-A178-6399A281A229}
	EndGlobalSection
EndGlobal
